
Microsoft Visual Studio Solution File, Format Version 12.00
# Visual Studio 15
VisualStudioVersion = 15.0.27130.2036
MinimumVisualStudioVersion = 10.0.40219.1
Project("{FAE04EC0-301F-11D3-BF4B-00C04F79EFBC}") = "GithubBecomesGitlab", "GithubBecomesGitlab\GithubBecomesGitlab.csproj", "{CBA4568F-8104-4E7B-A694-07AA0645AEAC}"
EndProject
Global
	GlobalSection(SolutionConfigurationPlatforms) = preSolution
		Debug|Any CPU = Debug|Any CPU
		Release|Any CPU = Release|Any CPU
	EndGlobalSection
	GlobalSection(ProjectConfigurationPlatforms) = postSolution
		{CBA4568F-8104-4E7B-A694-07AA0645AEAC}.Debug|Any CPU.ActiveCfg = Debug|Any CPU
		{CBA4568F-8104-4E7B-A694-07AA0645AEAC}.Debug|Any CPU.Build.0 = Debug|Any CPU
		{CBA4568F-8104-4E7B-A694-07AA0645AEAC}.Release|Any CPU.ActiveCfg = Release|Any CPU
		{CBA4568F-8104-4E7B-A694-07AA0645AEAC}.Release|Any CPU.Build.0 = Release|Any CPU
	EndGlobalSection
	GlobalSection(SolutionProperties) = preSolution
		HideSolutionNode = FALSE
	EndGlobalSection
	GlobalSection(ExtensibilityGlobals) = postSolution
		SolutionGuid = {4B382184-A92C-434C-82D9-AD28A150DDF9}
	EndGlobalSection
EndGlobal
